
Microsoft Visual Studio Solution File, Format Version 11.00
# Visual Studio 2010
Project("{8BC9CEB8-8B4A-11D0-8D11-00A0C91BC942}") = "elements", "examples\elements.vcxproj", "{51577654-8C7A-7E9B-AD7F-A3E2054B3C30}"
	ProjectSection(ProjectDependencies) = postProject
		{7AEC9076-AE03-A88D-B135-3A5D780D3299} = {7AEC9076-AE03-A88D-B135-3A5D780D3299}
	EndProjectSection
EndProject
Project("{8BC9CEB8-8B4A-11D0-8D11-00A0C91BC942}") = "expat", "lib\expat.vcxproj", "{B4F4604F-43A2-BF5E-948D-54D52EFAD945}"
EndProject
Project("{8BC9CEB8-8B4A-11D0-8D11-00A0C91BC942}") = "expat_static", "lib\expat_static.vcxproj", "{7AEC9076-AE03-A88D-B135-3A5D780D3299}"
EndProject
Project("{8BC9CEB8-8B4A-11D0-8D11-00A0C91BC942}") = "expatw", "lib\expatw.vcxproj", "{1149E0B1-B567-FCDD-1A52-17B822622669}"
EndProject
Project("{8BC9CEB8-8B4A-11D0-8D11-00A0C91BC942}") = "expatw_static", "lib\expatw_static.vcxproj", "{1881903F-A2BD-4641-7E70-F646BE315EBE}"
EndProject
Project("{8BC9CEB8-8B4A-11D0-8D11-00A0C91BC942}") = "outline", "examples\outline.vcxproj", "{86EB2584-3086-3D78-67A3-09A5CC60764B}"
	ProjectSection(ProjectDependencies) = postProject
		{B4F4604F-43A2-BF5E-948D-54D52EFAD945} = {B4F4604F-43A2-BF5E-948D-54D52EFAD945}
	EndProjectSection
EndProject
Project("{8BC9CEB8-8B4A-11D0-8D11-00A0C91BC942}") = "xmlwf", "xmlwf\xmlwf.vcxproj", "{C44A4071-ACC9-5D8E-6A05-356C106769ED}"
	ProjectSection(ProjectDependencies) = postProject
		{B4F4604F-43A2-BF5E-948D-54D52EFAD945} = {B4F4604F-43A2-BF5E-948D-54D52EFAD945}
	EndProjectSection
EndProject
Global
	GlobalSection(SolutionConfigurationPlatforms) = preSolution
		Debug|Win32 = Debug|Win32
		Release|Win32 = Release|Win32
		Template|Win32 = Template|Win32
	EndGlobalSection
	GlobalSection(ProjectConfigurationPlatforms) = postSolution
		{51577654-8C7A-7E9B-AD7F-A3E2054B3C30}.Debug|Win32.ActiveCfg = Debug|Win32
		{51577654-8C7A-7E9B-AD7F-A3E2054B3C30}.Debug|Win32.Build.0 = Debug|Win32
		{51577654-8C7A-7E9B-AD7F-A3E2054B3C30}.Release|Win32.ActiveCfg = Release|Win32
		{51577654-8C7A-7E9B-AD7F-A3E2054B3C30}.Release|Win32.Build.0 = Release|Win32
		{51577654-8C7A-7E9B-AD7F-A3E2054B3C30}.Template|Win32.ActiveCfg = Release|Win32
		{51577654-8C7A-7E9B-AD7F-A3E2054B3C30}.Template|Win32.Build.0 = Release|Win32
		{B4F4604F-43A2-BF5E-948D-54D52EFAD945}.Debug|Win32.ActiveCfg = Debug|Win32
		{B4F4604F-43A2-BF5E-948D-54D52EFAD945}.Debug|Win32.Build.0 = Debug|Win32
		{B4F4604F-43A2-BF5E-948D-54D52EFAD945}.Release|Win32.ActiveCfg = Release|Win32
		{B4F4604F-43A2-BF5E-948D-54D52EFAD945}.Release|Win32.Build.0 = Release|Win32
		{B4F4604F-43A2-BF5E-948D-54D52EFAD945}.Template|Win32.ActiveCfg = Template|Win32
		{B4F4604F-43A2-BF5E-948D-54D52EFAD945}.Template|Win32.Build.0 = Template|Win32
		{7AEC9076-AE03-A88D-B135-3A5D780D3299}.Debug|Win32.ActiveCfg = Debug|Win32
		{7AEC9076-AE03-A88D-B135-3A5D780D3299}.Debug|Win32.Build.0 = Debug|Win32
		{7AEC9076-AE03-A88D-B135-3A5D780D3299}.Release|Win32.ActiveCfg = Release|Win32
		{7AEC9076-AE03-A88D-B135-3A5D780D3299}.Release|Win32.Build.0 = Release|Win32
		{7AEC9076-AE03-A88D-B135-3A5D780D3299}.Template|Win32.ActiveCfg = Template|Win32
		{7AEC9076-AE03-A88D-B135-3A5D780D3299}.Template|Win32.Build.0 = Template|Win32
		{1149E0B1-B567-FCDD-1A52-17B822622669}.Debug|Win32.ActiveCfg = Debug|Win32
		{1149E0B1-B567-FCDD-1A52-17B822622669}.Debug|Win32.Build.0 = Debug|Win32
		{1149E0B1-B567-FCDD-1A52-17B822622669}.Release|Win32.ActiveCfg = Release|Win32
		{1149E0B1-B567-FCDD-1A52-17B822622669}.Release|Win32.Build.0 = Release|Win32
		{1149E0B1-B567-FCDD-1A52-17B822622669}.Template|Win32.ActiveCfg = Template|Win32
		{1149E0B1-B567-FCDD-1A52-17B822622669}.Template|Win32.Build.0 = Template|Win32
		{1881903F-A2BD-4641-7E70-F646BE315EBE}.Debug|Win32.ActiveCfg = Debug|Win32
		{1881903F-A2BD-4641-7E70-F646BE315EBE}.Debug|Win32.Build.0 = Debug|Win32
		{1881903F-A2BD-4641-7E70-F646BE315EBE}.Release|Win32.ActiveCfg = Release|Win32
		{1881903F-A2BD-4641-7E70-F646BE315EBE}.Release|Win32.Build.0 = Release|Win32
		{1881903F-A2BD-4641-7E70-F646BE315EBE}.Template|Win32.ActiveCfg = Template|Win32
		{1881903F-A2BD-4641-7E70-F646BE315EBE}.Template|Win32.Build.0 = Template|Win32
		{86EB2584-3086-3D78-67A3-09A5CC60764B}.Debug|Win32.ActiveCfg = Debug|Win32
		{86EB2584-3086-3D78-67A3-09A5CC60764B}.Debug|Win32.Build.0 = Debug|Win32
		{86EB2584-3086-3D78-67A3-09A5CC60764B}.Release|Win32.ActiveCfg = Release|Win32
		{86EB2584-3086-3D78-67A3-09A5CC60764B}.Release|Win32.Build.0 = Release|Win32
		{86EB2584-3086-3D78-67A3-09A5CC60764B}.Template|Win32.ActiveCfg = Template|Win32
		{86EB2584-3086-3D78-67A3-09A5CC60764B}.Template|Win32.Build.0 = Template|Win32
		{C44A4071-ACC9-5D8E-6A05-356C106769ED}.Debug|Win32.ActiveCfg = Debug|Win32
		{C44A4071-ACC9-5D8E-6A05-356C106769ED}.Debug|Win32.Build.0 = Debug|Win32
		{C44A4071-ACC9-5D8E-6A05-356C106769ED}.Release|Win32.ActiveCfg = Release|Win32
		{C44A4071-ACC9-5D8E-6A05-356C106769ED}.Release|Win32.Build.0 = Release|Win32
		{C44A4071-ACC9-5D8E-6A05-356C106769ED}.Template|Win32.ActiveCfg = Template|Win32
		{C44A4071-ACC9-5D8E-6A05-356C106769ED}.Template|Win32.Build.0 = Template|Win32
	EndGlobalSection
	GlobalSection(SolutionProperties) = preSolution
		HideSolutionNode = FALSE
	EndGlobalSection
EndGlobal
